<?xml version="1.0" encoding="utf-8"?>
<Project ToolsVersion="4.0" xmlns="http://schemas.microsoft.com/developer/msbuild/2003">
  <ItemGroup>
    <Filter Include="ソース ファイル">
      <UniqueIdentifier>{4FC737F1-C7A5-4376-A066-2A32D752A2FF}</UniqueIdentifier>
      <Extensions>cpp;c;cc;cxx;def;odl;idl;hpj;bat;asm;asmx</Extensions>
    </Filter>
    <Filter Include="ヘッダー ファイル">
      <UniqueIdentifier>{93995380-89BD-4b04-88EB-625FBE52EBFB}</UniqueIdentifier>
      <Extensions>h;hh;hpp;hxx;hm;inl;inc;xsd</Extensions>
    </Filter>
    <Filter Include="リソース ファイル">
      <UniqueIdentifier>{67DA6AB6-F800-4c08-8B7A-83BB121AAD01}</UniqueIdentifier>
      <Extensions>rc;ico;cur;bmp;dlg;rc2;rct;bin;rgs;gif;jpg;jpeg;jpe;resx;tiff;tif;png;wav;mfcribbon-ms</Extensions>
    </Filter>
    <Filter Include="Core">
      <UniqueIdentifier>{d73bb53d-8ed2-4724-a7a4-4f3bac727057}</UniqueIdentifier>
    </Filter>
    <Filter Include="Rendering">
      <UniqueIdentifier>{72a73e17-c431-4695-9ab6-e0211babb821}</UniqueIdentifier>
    </Filter>
    <Filter Include="Utility">
      <UniqueIdentifier>{193f5899-ecc5-4bd6-886a-cd65982837d8}</UniqueIdentifier>
    </Filter>
    <Filter Include="Resource">
      <UniqueIdentifier>{ed0e5c9a-06ea-48d0-b138-71bd8031523c}</UniqueIdentifier>
    </Filter>
    <Filter Include="Resource\Entity">
      <UniqueIdentifier>{5f3f80b4-4634-44e5-9260-95e8823faddc}</UniqueIdentifier>
    </Filter>
    <Filter Include="Resource\Dao">
      <UniqueIdentifier>{1a369b96-a7a2-4888-9872-e149cb1954d0}</UniqueIdentifier>
    </Filter>
    <Filter Include="Resource\Dto">
      <UniqueIdentifier>{c502242a-a891-438f-979a-d8a0c0bd784b}</UniqueIdentifier>
    </Filter>
  </ItemGroup>
  <ItemGroup>
    <ClCompile Include="Main.cpp">
      <Filter>ソース ファイル</Filter>
    </ClCompile>
    <ClCompile Include="Core\Window.cpp">
      <Filter>Core</Filter>
    </ClCompile>
    <ClCompile Include="Rendering\Graphics.cpp">
      <Filter>Rendering</Filter>
    </ClCompile>
    <ClCompile Include="Core\GamePad.cpp">
      <Filter>Core</Filter>
    </ClCompile>
    <ClCompile Include="Utility\Debug.cpp">
      <Filter>Utility</Filter>
    </ClCompile>
    <ClCompile Include="Utility\Exception.cpp">
      <Filter>Utility</Filter>
    </ClCompile>
    <ClCompile Include="Utility\File.cpp">
      <Filter>Utility</Filter>
    </ClCompile>
    <ClCompile Include="Utility\TextFile.cpp">
      <Filter>Utility</Filter>
    </ClCompile>
    <ClCompile Include="Utility\TimerServer.cpp">
      <Filter>Utility</Filter>
    </ClCompile>
    <ClCompile Include="Utility\Timer.cpp">
      <Filter>Utility</Filter>
    </ClCompile>
    <ClCompile Include="Utility\Singleton.cpp">
      <Filter>Utility</Filter>
    </ClCompile>
    <ClCompile Include="Rendering\Material.cpp">
      <Filter>Rendering</Filter>
    </ClCompile>
    <ClCompile Include="Rendering\MeshRender.cpp">
      <Filter>Rendering</Filter>
    </ClCompile>
    <ClCompile Include="Rendering\Shader.cpp">
      <Filter>Rendering</Filter>
    </ClCompile>
    <ClCompile Include="Resource\Entity\Material.cpp">
      <Filter>Resource\Entity</Filter>
    </ClCompile>
    <ClCompile Include="Resource\Entity\Mesh.cpp">
      <Filter>Resource\Entity</Filter>
    </ClCompile>
    <ClCompile Include="Resource\Entity\Shader.cpp">
      <Filter>Resource\Entity</Filter>
    </ClCompile>
    <ClCompile Include="Resource\Dao\Mesh.cpp">
      <Filter>Resource\Dao</Filter>
    </ClCompile>
    <ClCompile Include="Utility\Estd.cpp">
      <Filter>Utility</Filter>
    </ClCompile>
    <ClCompile Include="Resource\Dao\Shader.cpp">
      <Filter>Resource\Dao</Filter>
    </ClCompile>
    <ClCompile Include="Resource\Dao\Material.cpp">
      <Filter>Resource\Dao</Filter>
    </ClCompile>
    <ClCompile Include="Resource\Entity\Base.cpp">
      <Filter>Resource\Entity</Filter>
    </ClCompile>
  </ItemGroup>
  <ItemGroup>
    <ClInclude Include="Core\Window.h">
      <Filter>Core</Filter>
    </ClInclude>
    <ClInclude Include="Rendering\Graphics.h">
      <Filter>Rendering</Filter>
    </ClInclude>
    <ClInclude Include="Core\GamePad.h">
      <Filter>Core</Filter>
    </ClInclude>
    <ClInclude Include="Utility\Debug.h">
      <Filter>Utility</Filter>
    </ClInclude>
    <ClInclude Include="Utility\Exception.h">
      <Filter>Utility</Filter>
    </ClInclude>
    <ClInclude Include="Utility\File.h">
      <Filter>Utility</Filter>
    </ClInclude>
    <ClInclude Include="Utility\Macro.h">
      <Filter>Utility</Filter>
    </ClInclude>
    <ClInclude Include="Utility\TextFile.h">
      <Filter>Utility</Filter>
    </ClInclude>
    <ClInclude Include="Utility\Estd.h">
      <Filter>Utility</Filter>
    </ClInclude>
    <ClInclude Include="Utility\TimerServer.h">
      <Filter>Utility</Filter>
    </ClInclude>
    <ClInclude Include="Utility\Timer.h">
      <Filter>Utility</Filter>
    </ClInclude>
    <ClInclude Include="Utility\Singleton.h">
      <Filter>Utility</Filter>
    </ClInclude>
    <ClInclude Include="Rendering\Material.h">
      <Filter>Rendering</Filter>
    </ClInclude>
    <ClInclude Include="Rendering\MeshRender.h">
      <Filter>Rendering</Filter>
    </ClInclude>
    <ClInclude Include="Rendering\Shader.h">
      <Filter>Rendering</Filter>
    </ClInclude>
    <ClInclude Include="Resource\Entity\Material.h">
      <Filter>Resource\Entity</Filter>
    </ClInclude>
    <ClInclude Include="Resource\Entity\Mesh.h">
      <Filter>Resource\Entity</Filter>
    </ClInclude>
    <ClInclude Include="Resource\Entity\Shader.h">
      <Filter>Resource\Entity</Filter>
    </ClInclude>
    <ClInclude Include="Rendering\IRenderable.h">
      <Filter>Rendering</Filter>
    </ClInclude>
    <ClInclude Include="Resource\Entity\Base.h">
      <Filter>Resource\Entity</Filter>
    </ClInclude>
    <ClInclude Include="Resource\Service.h">
      <Filter>Resource</Filter>
    </ClInclude>
    <ClInclude Include="Resource\Dto\Material.h">
      <Filter>Resource\Dto</Filter>
    </ClInclude>
    <ClInclude Include="Resource\Dto\Mesh.h">
      <Filter>Resource\Dto</Filter>
    </ClInclude>
    <ClInclude Include="Resource\Dto\Shader.h">
      <Filter>Resource\Dto</Filter>
    </ClInclude>
    <ClInclude Include="Resource\Dao\Material.h">
      <Filter>Resource\Dao</Filter>
    </ClInclude>
    <ClInclude Include="Resource\Dao\Mesh.h">
      <Filter>Resource\Dao</Filter>
    </ClInclude>
    <ClInclude Include="Resource\Dao\Shader.h">
      <Filter>Resource\Dao</Filter>
    </ClInclude>
    <ClInclude Include="Resource\Dao\Base.h">
      <Filter>Resource\Dao</Filter>
    </ClInclude>
  </ItemGroup>
  <ItemGroup>
    <None Include="Utility\Singleton.inl">
      <Filter>Utility</Filter>
    </None>
    <None Include="Resource\Entity\Shader.inl">
      <Filter>Resource\Entity</Filter>
    </None>
    <None Include="Rendering\Shader.inl">
      <Filter>Rendering</Filter>
    </None>
  </ItemGroup>
</Project>